
Microsoft Visual Studio Solution File, Format Version 12.00
# Visual Studio Version 16
VisualStudioVersion = 16.0.31702.278
MinimumVisualStudioVersion = 10.0.40219.1
Project("{9A19103F-16F7-4668-BE54-9A1E7A4F7556}") = "ApiCatalogosJogos", "ApiCatalogosJogos\ApiCatalogosJogos.csproj", "{EB8CE38A-DCDC-4296-AA82-361C96275F99}"
EndProject
Project("{2150E333-8FDC-42A3-9474-1A3956D46DE8}") = "Solution Items", "Solution Items", "{7E45AC2B-AADB-48B5-8680-FFE697E4EFA9}"
	ProjectSection(SolutionItems) = preProject
		.editorconfig = .editorconfig
	EndProjectSection
EndProject
Global
	GlobalSection(SolutionConfigurationPlatforms) = preSolution
		Debug|Any CPU = Debug|Any CPU
		Release|Any CPU = Release|Any CPU
	EndGlobalSection
	GlobalSection(ProjectConfigurationPlatforms) = postSolution
		{EB8CE38A-DCDC-4296-AA82-361C96275F99}.Debug|Any CPU.ActiveCfg = Debug|Any CPU
		{EB8CE38A-DCDC-4296-AA82-361C96275F99}.Debug|Any CPU.Build.0 = Debug|Any CPU
		{EB8CE38A-DCDC-4296-AA82-361C96275F99}.Release|Any CPU.ActiveCfg = Release|Any CPU
		{EB8CE38A-DCDC-4296-AA82-361C96275F99}.Release|Any CPU.Build.0 = Release|Any CPU
	EndGlobalSection
	GlobalSection(SolutionProperties) = preSolution
		HideSolutionNode = FALSE
	EndGlobalSection
	GlobalSection(ExtensibilityGlobals) = postSolution
		SolutionGuid = {75BE07B6-DE1D-4773-9854-B31BF4B0B37D}
	EndGlobalSection
EndGlobal
